
Microsoft Visual Studio Solution File, Format Version 12.00
Project("{FAE04EC0-301F-11D3-BF4B-00C04F79EFBC}") = "AutoGraderApi", "AutoGraderApi\AutoGraderApi.csproj", "{57E718FA-7354-4C3E-9B76-E0BA8626747F}"
EndProject
Project("{FAE04EC0-301F-11D3-BF4B-00C04F79EFBC}") = "GraderCommon", "GraderCommon\GraderCommon.csproj", "{D3567F4E-800A-4902-9063-0F96BF26D692}"
EndProject
Project("{FAE04EC0-301F-11D3-BF4B-00C04F79EFBC}") = "GraderCore", "GraderCore\GraderCore.csproj", "{5B763A12-33B7-4706-8931-26D7812F3F5C}"
EndProject
Project("{FAE04EC0-301F-11D3-BF4B-00C04F79EFBC}") = "GraderConsole", "GraderConsole\GraderConsole.csproj", "{A91DCC86-50EE-4F79-921A-A85E27F6A4CB}"
EndProject
Global
	GlobalSection(SolutionConfigurationPlatforms) = preSolution
		Debug|Any CPU = Debug|Any CPU
		Release|Any CPU = Release|Any CPU
	EndGlobalSection
	GlobalSection(ProjectConfigurationPlatforms) = postSolution
		{57E718FA-7354-4C3E-9B76-E0BA8626747F}.Debug|Any CPU.ActiveCfg = Debug|Any CPU
		{57E718FA-7354-4C3E-9B76-E0BA8626747F}.Debug|Any CPU.Build.0 = Debug|Any CPU
		{57E718FA-7354-4C3E-9B76-E0BA8626747F}.Release|Any CPU.ActiveCfg = Release|Any CPU
		{57E718FA-7354-4C3E-9B76-E0BA8626747F}.Release|Any CPU.Build.0 = Release|Any CPU
		{D3567F4E-800A-4902-9063-0F96BF26D692}.Debug|Any CPU.ActiveCfg = Debug|Any CPU
		{D3567F4E-800A-4902-9063-0F96BF26D692}.Debug|Any CPU.Build.0 = Debug|Any CPU
		{D3567F4E-800A-4902-9063-0F96BF26D692}.Release|Any CPU.ActiveCfg = Release|Any CPU
		{D3567F4E-800A-4902-9063-0F96BF26D692}.Release|Any CPU.Build.0 = Release|Any CPU
		{5B763A12-33B7-4706-8931-26D7812F3F5C}.Debug|Any CPU.ActiveCfg = Debug|Any CPU
		{5B763A12-33B7-4706-8931-26D7812F3F5C}.Debug|Any CPU.Build.0 = Debug|Any CPU
		{5B763A12-33B7-4706-8931-26D7812F3F5C}.Release|Any CPU.ActiveCfg = Release|Any CPU
		{5B763A12-33B7-4706-8931-26D7812F3F5C}.Release|Any CPU.Build.0 = Release|Any CPU
		{A91DCC86-50EE-4F79-921A-A85E27F6A4CB}.Debug|Any CPU.ActiveCfg = Debug|Any CPU
		{A91DCC86-50EE-4F79-921A-A85E27F6A4CB}.Debug|Any CPU.Build.0 = Debug|Any CPU
		{A91DCC86-50EE-4F79-921A-A85E27F6A4CB}.Release|Any CPU.ActiveCfg = Release|Any CPU
		{A91DCC86-50EE-4F79-921A-A85E27F6A4CB}.Release|Any CPU.Build.0 = Release|Any CPU
	EndGlobalSection
EndGlobal
